
Microsoft Visual Studio Solution File, Format Version 12.00
# Visual Studio Version 17
VisualStudioVersion = 17.0.31903.59
MinimumVisualStudioVersion = 10.0.40219.1
Project("{FAE04EC0-301F-11D3-BF4B-00C04F79EFBC}") = "InsuranceIntegration.Api", "src\InsuranceIntegration.Api\InsuranceIntegration.Api.csproj", "{8C3D8B5E-0D8B-4E65-9E6C-1FA8D8A18D7B}"
EndProject
Project("{FAE04EC0-301F-11D3-BF4B-00C04F79EFBC}") = "InsuranceIntegration.Api.Tests", "tests\InsuranceIntegration.Api.Tests\InsuranceIntegration.Api.Tests.csproj", "{2A8E45CF-4784-40A5-B947-B6357B102B29}"
EndProject
Project("{2150E333-8FDC-42A3-9474-1A3956D46DE8}") = "tests", "tests", "{0AB3BF05-4346-4AA6-1389-037BE0695223}"
EndProject
Project("{FAE04EC0-301F-11D3-BF4B-00C04F79EFBC}") = "InsuranceIntegration.Api.IntegrationTests", "tests\InsuranceIntegration.Api.IntegrationTests\InsuranceIntegration.Api.IntegrationTests.csproj", "{EEAEA204-6D3F-4DC2-B9FF-D27EE66C86BB}"
EndProject
Project("{2150E333-8FDC-42A3-9474-1A3956D46DE8}") = "src", "src", "{827E0CD3-B72D-47B6-A68D-7590B98EB39B}"
EndProject
Global
	GlobalSection(SolutionConfigurationPlatforms) = preSolution
		Debug|Any CPU = Debug|Any CPU
		Debug|x64 = Debug|x64
		Debug|x86 = Debug|x86
		Release|Any CPU = Release|Any CPU
		Release|x64 = Release|x64
		Release|x86 = Release|x86
	EndGlobalSection
	GlobalSection(ProjectConfigurationPlatforms) = postSolution
		{8C3D8B5E-0D8B-4E65-9E6C-1FA8D8A18D7B}.Debug|Any CPU.ActiveCfg = Debug|Any CPU
		{8C3D8B5E-0D8B-4E65-9E6C-1FA8D8A18D7B}.Debug|Any CPU.Build.0 = Debug|Any CPU
		{8C3D8B5E-0D8B-4E65-9E6C-1FA8D8A18D7B}.Debug|x64.ActiveCfg = Debug|Any CPU
		{8C3D8B5E-0D8B-4E65-9E6C-1FA8D8A18D7B}.Debug|x64.Build.0 = Debug|Any CPU
		{8C3D8B5E-0D8B-4E65-9E6C-1FA8D8A18D7B}.Debug|x86.ActiveCfg = Debug|Any CPU
		{8C3D8B5E-0D8B-4E65-9E6C-1FA8D8A18D7B}.Debug|x86.Build.0 = Debug|Any CPU
		{8C3D8B5E-0D8B-4E65-9E6C-1FA8D8A18D7B}.Release|Any CPU.ActiveCfg = Release|Any CPU
		{8C3D8B5E-0D8B-4E65-9E6C-1FA8D8A18D7B}.Release|Any CPU.Build.0 = Release|Any CPU
		{8C3D8B5E-0D8B-4E65-9E6C-1FA8D8A18D7B}.Release|x64.ActiveCfg = Release|Any CPU
		{8C3D8B5E-0D8B-4E65-9E6C-1FA8D8A18D7B}.Release|x64.Build.0 = Release|Any CPU
		{8C3D8B5E-0D8B-4E65-9E6C-1FA8D8A18D7B}.Release|x86.ActiveCfg = Release|Any CPU
		{8C3D8B5E-0D8B-4E65-9E6C-1FA8D8A18D7B}.Release|x86.Build.0 = Release|Any CPU
		{2A8E45CF-4784-40A5-B947-B6357B102B29}.Debug|Any CPU.ActiveCfg = Debug|Any CPU
		{2A8E45CF-4784-40A5-B947-B6357B102B29}.Debug|Any CPU.Build.0 = Debug|Any CPU
		{2A8E45CF-4784-40A5-B947-B6357B102B29}.Debug|x64.ActiveCfg = Debug|Any CPU
		{2A8E45CF-4784-40A5-B947-B6357B102B29}.Debug|x64.Build.0 = Debug|Any CPU
		{2A8E45CF-4784-40A5-B947-B6357B102B29}.Debug|x86.ActiveCfg = Debug|Any CPU
		{2A8E45CF-4784-40A5-B947-B6357B102B29}.Debug|x86.Build.0 = Debug|Any CPU
		{2A8E45CF-4784-40A5-B947-B6357B102B29}.Release|Any CPU.ActiveCfg = Release|Any CPU
		{2A8E45CF-4784-40A5-B947-B6357B102B29}.Release|Any CPU.Build.0 = Release|Any CPU
		{2A8E45CF-4784-40A5-B947-B6357B102B29}.Release|x64.ActiveCfg = Release|Any CPU
		{2A8E45CF-4784-40A5-B947-B6357B102B29}.Release|x64.Build.0 = Release|Any CPU
		{2A8E45CF-4784-40A5-B947-B6357B102B29}.Release|x86.ActiveCfg = Release|Any CPU
		{2A8E45CF-4784-40A5-B947-B6357B102B29}.Release|x86.Build.0 = Release|Any CPU
		{EEAEA204-6D3F-4DC2-B9FF-D27EE66C86BB}.Debug|Any CPU.ActiveCfg = Debug|Any CPU
		{EEAEA204-6D3F-4DC2-B9FF-D27EE66C86BB}.Debug|Any CPU.Build.0 = Debug|Any CPU
		{EEAEA204-6D3F-4DC2-B9FF-D27EE66C86BB}.Debug|x64.ActiveCfg = Debug|Any CPU
		{EEAEA204-6D3F-4DC2-B9FF-D27EE66C86BB}.Debug|x64.Build.0 = Debug|Any CPU
		{EEAEA204-6D3F-4DC2-B9FF-D27EE66C86BB}.Debug|x86.ActiveCfg = Debug|Any CPU
		{EEAEA204-6D3F-4DC2-B9FF-D27EE66C86BB}.Debug|x86.Build.0 = Debug|Any CPU
		{EEAEA204-6D3F-4DC2-B9FF-D27EE66C86BB}.Release|Any CPU.ActiveCfg = Release|Any CPU
		{EEAEA204-6D3F-4DC2-B9FF-D27EE66C86BB}.Release|Any CPU.Build.0 = Release|Any CPU
		{EEAEA204-6D3F-4DC2-B9FF-D27EE66C86BB}.Release|x64.ActiveCfg = Release|Any CPU
		{EEAEA204-6D3F-4DC2-B9FF-D27EE66C86BB}.Release|x64.Build.0 = Release|Any CPU
		{EEAEA204-6D3F-4DC2-B9FF-D27EE66C86BB}.Release|x86.ActiveCfg = Release|Any CPU
		{EEAEA204-6D3F-4DC2-B9FF-D27EE66C86BB}.Release|x86.Build.0 = Release|Any CPU
	EndGlobalSection
	GlobalSection(SolutionProperties) = preSolution
		HideSolutionNode = FALSE
	EndGlobalSection
	GlobalSection(NestedProjects) = preSolution
		{EEAEA204-6D3F-4DC2-B9FF-D27EE66C86BB} = {0AB3BF05-4346-4AA6-1389-037BE0695223}
	EndGlobalSection
EndGlobal
